
Microsoft Visual Studio Solution File, Format Version 12.00
# Visual Studio 15
VisualStudioVersion = 15.0.28010.2036
MinimumVisualStudioVersion = 10.0.40219.1
Project("{8BC9CEB8-8B4A-11D0-8D11-00A0C91BC942}") = "Project6-1", "Project6-1.vcxproj", "{1378E1EB-E530-42AB-BEDB-922A246D67B6}"
EndProject
Global
	GlobalSection(SolutionConfigurationPlatforms) = preSolution
		Debug|x64 = Debug|x64
		Debug|x86 = Debug|x86
		Release|x64 = Release|x64
		Release|x86 = Release|x86
	EndGlobalSection
	GlobalSection(ProjectConfigurationPlatforms) = postSolution
		{1378E1EB-E530-42AB-BEDB-922A246D67B6}.Debug|x64.ActiveCfg = Debug|x64
		{1378E1EB-E530-42AB-BEDB-922A246D67B6}.Debug|x64.Build.0 = Debug|x64
		{1378E1EB-E530-42AB-BEDB-922A246D67B6}.Debug|x86.ActiveCfg = Debug|Win32
		{1378E1EB-E530-42AB-BEDB-922A246D67B6}.Debug|x86.Build.0 = Debug|Win32
		{1378E1EB-E530-42AB-BEDB-922A246D67B6}.Release|x64.ActiveCfg = Release|x64
		{1378E1EB-E530-42AB-BEDB-922A246D67B6}.Release|x64.Build.0 = Release|x64
		{1378E1EB-E530-42AB-BEDB-922A246D67B6}.Release|x86.ActiveCfg = Release|Win32
		{1378E1EB-E530-42AB-BEDB-922A246D67B6}.Release|x86.Build.0 = Release|Win32
	EndGlobalSection
	GlobalSection(SolutionProperties) = preSolution
		HideSolutionNode = FALSE
	EndGlobalSection
	GlobalSection(ExtensibilityGlobals) = postSolution
		SolutionGuid = {D3A90672-CD61-4179-ACB3-DB3DEB6C6132}
	EndGlobalSection
EndGlobal
