
Microsoft Visual Studio Solution File, Format Version 12.00
# Visual Studio 15
VisualStudioVersion = 15.0.28010.2016
MinimumVisualStudioVersion = 10.0.40219.1
Project("{8BC9CEB8-8B4A-11D0-8D11-00A0C91BC942}") = "firstDemo", "firstDemo.vcxproj", "{EABC8108-8A51-4AE0-AE39-0E42F581D59D}"
EndProject
Global
	GlobalSection(SolutionConfigurationPlatforms) = preSolution
		Debug|x64 = Debug|x64
		Debug|x86 = Debug|x86
		Release|x64 = Release|x64
		Release|x86 = Release|x86
	EndGlobalSection
	GlobalSection(ProjectConfigurationPlatforms) = postSolution
		{EABC8108-8A51-4AE0-AE39-0E42F581D59D}.Debug|x64.ActiveCfg = Debug|x64
		{EABC8108-8A51-4AE0-AE39-0E42F581D59D}.Debug|x64.Build.0 = Debug|x64
		{EABC8108-8A51-4AE0-AE39-0E42F581D59D}.Debug|x86.ActiveCfg = Debug|Win32
		{EABC8108-8A51-4AE0-AE39-0E42F581D59D}.Debug|x86.Build.0 = Debug|Win32
		{EABC8108-8A51-4AE0-AE39-0E42F581D59D}.Release|x64.ActiveCfg = Release|x64
		{EABC8108-8A51-4AE0-AE39-0E42F581D59D}.Release|x64.Build.0 = Release|x64
		{EABC8108-8A51-4AE0-AE39-0E42F581D59D}.Release|x86.ActiveCfg = Release|Win32
		{EABC8108-8A51-4AE0-AE39-0E42F581D59D}.Release|x86.Build.0 = Release|Win32
	EndGlobalSection
	GlobalSection(SolutionProperties) = preSolution
		HideSolutionNode = FALSE
	EndGlobalSection
	GlobalSection(ExtensibilityGlobals) = postSolution
		SolutionGuid = {559227C1-9EF9-4AA7-A3B2-EF8C95A2F067}
	EndGlobalSection
EndGlobal
